// !$*UTF8*$!
{
	archiveVersion = 1;
	classes = {
	};
	objectVersion = 50;
	objects = {

/* Begin PBXBuildFile section */
		1819C9302122A681004176AC /* main.swift in Sources */ = {isa = PBXBuildFile; fileRef = 1819C92F2122A681004176AC /* main.swift */; };
		3C8930CBEF3C639109DB4110 /* StandingState.swift in Sources */ = {isa = PBXBuildFile; fileRef = 3C8932132273BE4A0E530FC7 /* StandingState.swift */; };
		3C8934318F6DBC5C446767DA /* WalkingState.swift in Sources */ = {isa = PBXBuildFile; fileRef = 3C893194A518989353E1C1AB /* WalkingState.swift */; };
		3C8934767E095D9E8BA7538C /* CharacterState.swift in Sources */ = {isa = PBXBuildFile; fileRef = 3C89364E53EE645F977E5DA2 /* CharacterState.swift */; };
		3C893734A86AB4C3035AD41D /* GoodGuy.swift in Sources */ = {isa = PBXBuildFile; fileRef = 3C893E58FD7E5BB2B8F566AE /* GoodGuy.swift */; };
		3C893E6FDCE1D3B72C8C44E9 /* StopingState.swift in Sources */ = {isa = PBXBuildFile; fileRef = 3C8930C070D4DA1881E298C5 /* StopingState.swift */; };
/* End PBXBuildFile section */

/* Begin PBXCopyFilesBuildPhase section */
		1819C92A2122A681004176AC /* CopyFiles */ = {
			isa = PBXCopyFilesBuildPhase;
			buildActionMask = 2147483647;
			dstPath = /usr/share/man/man1/;
			dstSubfolderSpec = 0;
			files = (
			);
			runOnlyForDeploymentPostprocessing = 1;
		};
/* End PBXCopyFilesBuildPhase section */

/* Begin PBXFileReference section */
		1819C92C2122A681004176AC /* SwiftStrategy */ = {isa = PBXFileReference; explicitFileType = "compiled.mach-o.executable"; includeInIndex = 0; path = SwiftStrategy; sourceTree = BUILT_PRODUCTS_DIR; };
		1819C92F2122A681004176AC /* main.swift */ = {isa = PBXFileReference; lastKnownFileType = sourcecode.swift; path = main.swift; sourceTree = "<group>"; };
		3C8930C070D4DA1881E298C5 /* StopingState.swift */ = {isa = PBXFileReference; fileEncoding = 4; lastKnownFileType = sourcecode.swift; path = StopingState.swift; sourceTree = "<group>"; };
		3C893194A518989353E1C1AB /* WalkingState.swift */ = {isa = PBXFileReference; fileEncoding = 4; lastKnownFileType = sourcecode.swift; path = WalkingState.swift; sourceTree = "<group>"; };
		3C8932132273BE4A0E530FC7 /* StandingState.swift */ = {isa = PBXFileReference; fileEncoding = 4; lastKnownFileType = sourcecode.swift; path = StandingState.swift; sourceTree = "<group>"; };
		3C89364E53EE645F977E5DA2 /* CharacterState.swift */ = {isa = PBXFileReference; fileEncoding = 4; lastKnownFileType = sourcecode.swift; path = CharacterState.swift; sourceTree = "<group>"; };
		3C893E58FD7E5BB2B8F566AE /* GoodGuy.swift */ = {isa = PBXFileReference; fileEncoding = 4; lastKnownFileType = sourcecode.swift; path = GoodGuy.swift; sourceTree = "<group>"; };
/* End PBXFileReference section */

/* Begin PBXFrameworksBuildPhase section */
		1819C9292122A681004176AC /* Frameworks */ = {
			isa = PBXFrameworksBuildPhase;
			buildActionMask = 2147483647;
			files = (
			);
			runOnlyForDeploymentPostprocessing = 0;
		};
/* End PBXFrameworksBuildPhase section */

/* Begin PBXGroup section */
		1819C9232122A681004176AC = {
			isa = PBXGroup;
			children = (
				1819C92E2122A681004176AC /* SwiftStrategy */,
				1819C92D2122A681004176AC /* Products */,
			);
			sourceTree = "<group>";
		};
		1819C92D2122A681004176AC /* Products */ = {
			isa = PBXGroup;
			children = (
				1819C92C2122A681004176AC /* SwiftStrategy */,
			);
			name = Products;
			sourceTree = "<group>";
		};
		1819C92E2122A681004176AC /* SwiftStrategy */ = {
			isa = PBXGroup;
			children = (
				1819C92F2122A681004176AC /* main.swift */,
				3C89364E53EE645F977E5DA2 /* CharacterState.swift */,
				3C893194A518989353E1C1AB /* WalkingState.swift */,
				3C8932132273BE4A0E530FC7 /* StandingState.swift */,
				3C8930C070D4DA1881E298C5 /* StopingState.swift */,
				3C893E58FD7E5BB2B8F566AE /* GoodGuy.swift */,
			);
			path = SwiftStrategy;
			sourceTree = "<group>";
		};
/* End PBXGroup section */

/* Begin PBXNativeTarget section */
		1819C92B2122A681004176AC /* SwiftStrategy */ = {
			isa = PBXNativeTarget;
			buildConfigurationList = 1819C9332122A681004176AC /* Build configuration list for PBXNativeTarget "SwiftStrategy" */;
			buildPhases = (
				1819C9282122A681004176AC /* Sources */,
				1819C9292122A681004176AC /* Frameworks */,
				1819C92A2122A681004176AC /* CopyFiles */,
			);
			buildRules = (
			);
			dependencies = (
			);
			name = SwiftStrategy;
			productName = SwiftStrategy;
			productReference = 1819C92C2122A681004176AC /* SwiftStrategy */;
			productType = "com.apple.product-type.tool";
		};
/* End PBXNativeTarget section */

/* Begin PBXProject section */
		1819C9242122A681004176AC /* Project object */ = {
			isa = PBXProject;
			attributes = {
				LastSwiftUpdateCheck = 0940;
				LastUpgradeCheck = 0940;
				ORGANIZATIONNAME = Gamma;
				TargetAttributes = {
					1819C92B2122A681004176AC = {
						CreatedOnToolsVersion = 9.4;
					};
				};
			};
			buildConfigurationList = 1819C9272122A681004176AC /* Build configuration list for PBXProject "SwiftStrategy" */;
			compatibilityVersion = "Xcode 9.3";
			developmentRegion = en;
			hasScannedForEncodings = 0;
			knownRegions = (
				en,
			);
			mainGroup = 1819C9232122A681004176AC;
			productRefGroup = 1819C92D2122A681004176AC /* Products */;
			projectDirPath = "";
			projectRoot = "";
			targets = (
				1819C92B2122A681004176AC /* SwiftStrategy */,
			);
		};
/* End PBXProject section */

/* Begin PBXSourcesBuildPhase section */
		1819C9282122A681004176AC /* Sources */ = {
			isa = PBXSourcesBuildPhase;
			buildActionMask = 2147483647;
			files = (
				1819C9302122A681004176AC /* main.swift in Sources */,
				3C8934767E095D9E8BA7538C /* CharacterState.swift in Sources */,
				3C8934318F6DBC5C446767DA /* WalkingState.swift in Sources */,
				3C8930CBEF3C639109DB4110 /* StandingState.swift in Sources */,
				3C893E6FDCE1D3B72C8C44E9 /* StopingState.swift in Sources */,
				3C893734A86AB4C3035AD41D /* GoodGuy.swift in Sources */,
			);
			runOnlyForDeploymentPostprocessing = 0;
		};
/* End PBXSourcesBuildPhase section */

/* Begin XCBuildConfiguration section */
		1819C9312122A681004176AC /* Debug */ = {
			isa = XCBuildConfiguration;
			buildSettings = {
				ALWAYS_SEARCH_USER_PATHS = NO;
				CLANG_ANALYZER_NONNULL = YES;
				CLANG_ANALYZER_NUMBER_OBJECT_CONVERSION = YES_AGGRESSIVE;
				CLANG_CXX_LANGUAGE_STANDARD = "gnu++14";
				CLANG_CXX_LIBRARY = "libc++";
				CLANG_ENABLE_MODULES = YES;
				CLANG_ENABLE_OBJC_ARC = YES;
				CLANG_ENABLE_OBJC_WEAK = YES;
				CLANG_WARN_BLOCK_CAPTURE_AUTORELEASING = YES;
				CLANG_WARN_BOOL_CONVERSION = YES;
				CLANG_WARN_COMMA = YES;
				CLANG_WARN_CONSTANT_CONVERSION = YES;
				CLANG_WARN_DEPRECATED_OBJC_IMPLEMENTATIONS = YES;
				CLANG_WARN_DIRECT_OBJC_ISA_USAGE = YES_ERROR;
				CLANG_WARN_DOCUMENTATION_COMMENTS = YES;
				CLANG_WARN_EMPTY_BODY = YES;
				CLANG_WARN_ENUM_CONVERSION = YES;
				CLANG_WARN_INFINITE_RECURSION = YES;
				CLANG_WARN_INT_CONVERSION = YES;
				CLANG_WARN_NON_LITERAL_NULL_CONVERSION = YES;
				CLANG_WARN_OBJC_IMPLICIT_RETAIN_SELF = YES;
				CLANG_WARN_OBJC_LITERAL_CONVERSION = YES;
				CLANG_WARN_OBJC_ROOT_CLASS = YES_ERROR;
				CLANG_WARN_RANGE_LOOP_ANALYSIS = YES;
				CLANG_WARN_STRICT_PROTOTYPES = YES;
				CLANG_WARN_SUSPICIOUS_MOVE = YES;
				CLANG_WARN_UNGUARDED_AVAILABILITY = YES_AGGRESSIVE;
				CLANG_WARN_UNREACHABLE_CODE = YES;
				CLANG_WARN__DUPLICATE_METHOD_MATCH = YES;
				CODE_SIGN_IDENTITY = "Mac Developer";
				COPY_PHASE_STRIP = NO;
				DEBUG_INFORMATION_FORMAT = dwarf;
				ENABLE_STRICT_OBJC_MSGSEND = YES;
				ENABLE_TESTABILITY = YES;
				GCC_C_LANGUAGE_STANDARD = gnu11;
				GCC_DYNAMIC_NO_PIC = NO;
				GCC_NO_COMMON_BLOCKS = YES;
				GCC_OPTIMIZATION_LEVEL = 0;
				GCC_PREPROCESSOR_DEFINITIONS = (
					"DEBUG=1",
					"$(inherited)",
				);
				GCC_WARN_64_TO_32_BIT_CONVERSION = YES;
				GCC_WARN_ABOUT_RETURN_TYPE = YES_ERROR;
				GCC_WARN_UNDECLARED_SELECTOR = YES;
				GCC_WARN_UNINITIALIZED_AUTOS = YES_AGGRESSIVE;
				GCC_WARN_UNUSED_FUNCTION = YES;
				GCC_WARN_UNUSED_VARIABLE = YES;
				MACOSX_DEPLOYMENT_TARGET = 10.13;
				MTL_ENABLE_DEBUG_INFO = YES;
				ONLY_ACTIVE_ARCH = YES;
				SDKROOT = macosx;
				SWIFT_ACTIVE_COMPILATION_CONDITIONS = DEBUG;
				SWIFT_OPTIMIZATION_LEVEL = "-Onone";
			};
			name = Debug;
		};
		1819C9322122A681004176AC /* Release */ = {
			isa = XCBuildConfiguration;
			buildSettings = {
				ALWAYS_SEARCH_USER_PATHS = NO;
				CLANG_ANALYZER_NONNULL = YES;
				CLANG_ANALYZER_NUMBER_OBJECT_CONVERSION = YES_AGGRESSIVE;
				CLANG_CXX_LANGUAGE_STANDARD = "gnu++14";
				CLANG_CXX_LIBRARY = "libc++";
				CLANG_ENABLE_MODULES = YES;
				CLANG_ENABLE_OBJC_ARC = YES;
				CLANG_ENABLE_OBJC_WEAK = YES;
				CLANG_WARN_BLOCK_CAPTURE_AUTORELEASING = YES;
				CLANG_WARN_BOOL_CONVERSION = YES;
				CLANG_WARN_COMMA = YES;
				CLANG_WARN_CONSTANT_CONVERSION = YES;
				CLANG_WARN_DEPRECATED_OBJC_IMPLEMENTATIONS = YES;
				CLANG_WARN_DIRECT_OBJC_ISA_USAGE = YES_ERROR;
				CLANG_WARN_DOCUMENTATION_COMMENTS = YES;
				CLANG_WARN_EMPTY_BODY = YES;
				CLANG_WARN_ENUM_CONVERSION = YES;
				CLANG_WARN_INFINITE_RECURSION = YES;
				CLANG_WARN_INT_CONVERSION = YES;
				CLANG_WARN_NON_LITERAL_NULL_CONVERSION = YES;
				CLANG_WARN_OBJC_IMPLICIT_RETAIN_SELF = YES;
				CLANG_WARN_OBJC_LITERAL_CONVERSION = YES;
				CLANG_WARN_OBJC_ROOT_CLASS = YES_ERROR;
				CLANG_WARN_RANGE_LOOP_ANALYSIS = YES;
				CLANG_WARN_STRICT_PROTOTYPES = YES;
				CLANG_WARN_SUSPICIOUS_MOVE = YES;
				CLANG_WARN_UNGUARDED_AVAILABILITY = YES_AGGRESSIVE;
				CLANG_WARN_UNREACHABLE_CODE = YES;
				CLANG_WARN__DUPLICATE_METHOD_MATCH = YES;
				CODE_SIGN_IDENTITY = "Mac Developer";
				COPY_PHASE_STRIP = NO;
				DEBUG_INFORMATION_FORMAT = "dwarf-with-dsym";
				ENABLE_NS_ASSERTIONS = NO;
				ENABLE_STRICT_OBJC_MSGSEND = YES;
				GCC_C_LANGUAGE_STANDARD = gnu11;
				GCC_NO_COMMON_BLOCKS = YES;
				GCC_WARN_64_TO_32_BIT_CONVERSION = YES;
				GCC_WARN_ABOUT_RETURN_TYPE = YES_ERROR;
				GCC_WARN_UNDECLARED_SELECTOR = YES;
				GCC_WARN_UNINITIALIZED_AUTOS = YES_AGGRESSIVE;
				GCC_WARN_UNUSED_FUNCTION = YES;
				GCC_WARN_UNUSED_VARIABLE = YES;
				MACOSX_DEPLOYMENT_TARGET = 10.13;
				MTL_ENABLE_DEBUG_INFO = NO;
				SDKROOT = macosx;
				SWIFT_COMPILATION_MODE = wholemodule;
				SWIFT_OPTIMIZATION_LEVEL = "-O";
			};
			name = Release;
		};
		1819C9342122A681004176AC /* Debug */ = {
			isa = XCBuildConfiguration;
			buildSettings = {
				CODE_SIGN_STYLE = Automatic;
				DEVELOPMENT_TEAM = B5XAJ2448T;
				PRODUCT_NAME = "$(TARGET_NAME)";
				SWIFT_VERSION = 4.0;
			};
			name = Debug;
		};
		1819C9352122A681004176AC /* Release */ = {
			isa = XCBuildConfiguration;
			buildSettings = {
				CODE_SIGN_STYLE = Automatic;
				DEVELOPMENT_TEAM = B5XAJ2448T;
				PRODUCT_NAME = "$(TARGET_NAME)";
				SWIFT_VERSION = 4.0;
			};
			name = Release;
		};
/* End XCBuildConfiguration section */

/* Begin XCConfigurationList section */
		1819C9272122A681004176AC /* Build configuration list for PBXProject "SwiftStrategy" */ = {
			isa = XCConfigurationList;
			buildConfigurations = (
				1819C9312122A681004176AC /* Debug */,
				1819C9322122A681004176AC /* Release */,
			);
			defaultConfigurationIsVisible = 0;
			defaultConfigurationName = Release;
		};
		1819C9332122A681004176AC /* Build configuration list for PBXNativeTarget "SwiftStrategy" */ = {
			isa = XCConfigurationList;
			buildConfigurations = (
				1819C9342122A681004176AC /* Debug */,
				1819C9352122A681004176AC /* Release */,
			);
			defaultConfigurationIsVisible = 0;
			defaultConfigurationName = Release;
		};
/* End XCConfigurationList section */
	};
	rootObject = 1819C9242122A681004176AC /* Project object */;
}
